
Microsoft Visual Studio Solution File, Format Version 12.00
Project("{FAE04EC0-301F-11D3-BF4B-00C04F79EFBC}") = "Service", "Service\Service.csproj", "{6712A6D7-2D96-44DD-A182-9BCA0BF8597D}"
EndProject
Project("{FAE04EC0-301F-11D3-BF4B-00C04F79EFBC}") = "DataLayer", "DataLayer\DataLayer.csproj", "{C1F9564E-D7BB-42BF-AFAC-4244D4CBCB73}"
EndProject
Global
	GlobalSection(SolutionConfigurationPlatforms) = preSolution
		Debug|Any CPU = Debug|Any CPU
		Release|Any CPU = Release|Any CPU
	EndGlobalSection
	GlobalSection(ProjectConfigurationPlatforms) = postSolution
		{6712A6D7-2D96-44DD-A182-9BCA0BF8597D}.Debug|Any CPU.ActiveCfg = Debug|Any CPU
		{6712A6D7-2D96-44DD-A182-9BCA0BF8597D}.Debug|Any CPU.Build.0 = Debug|Any CPU
		{6712A6D7-2D96-44DD-A182-9BCA0BF8597D}.Release|Any CPU.ActiveCfg = Release|Any CPU
		{6712A6D7-2D96-44DD-A182-9BCA0BF8597D}.Release|Any CPU.Build.0 = Release|Any CPU
		{C1F9564E-D7BB-42BF-AFAC-4244D4CBCB73}.Debug|Any CPU.ActiveCfg = Debug|Any CPU
		{C1F9564E-D7BB-42BF-AFAC-4244D4CBCB73}.Debug|Any CPU.Build.0 = Debug|Any CPU
		{C1F9564E-D7BB-42BF-AFAC-4244D4CBCB73}.Release|Any CPU.ActiveCfg = Release|Any CPU
		{C1F9564E-D7BB-42BF-AFAC-4244D4CBCB73}.Release|Any CPU.Build.0 = Release|Any CPU
	EndGlobalSection
EndGlobal
